// !$*UTF8*$!
{
	archiveVersion = 1;
	classes = {
	};
	objectVersion = 50;
	objects = {

/* Begin PBXBuildFile section */
		37553A00235E36290035671F /* AppDelegate.swift in Sources */ = {isa = PBXBuildFile; fileRef = 375539FF235E36290035671F /* AppDelegate.swift */; };
		37553A02235E36290035671F /* SceneDelegate.swift in Sources */ = {isa = PBXBuildFile; fileRef = 37553A01235E36290035671F /* SceneDelegate.swift */; };
		37553A07235E36290035671F /* Main.storyboard in Resources */ = {isa = PBXBuildFile; fileRef = 37553A05235E36290035671F /* Main.storyboard */; };
		37553A09235E362B0035671F /* Assets.xcassets in Resources */ = {isa = PBXBuildFile; fileRef = 37553A08235E362B0035671F /* Assets.xcassets */; };
		37553A0C235E362B0035671F /* LaunchScreen.storyboard in Resources */ = {isa = PBXBuildFile; fileRef = 37553A0A235E362B0035671F /* LaunchScreen.storyboard */; };
		379AC594235E4CDC001EA87B /* SetMate.xcdatamodeld in Sources */ = {isa = PBXBuildFile; fileRef = 379AC592235E4CDC001EA87B /* SetMate.xcdatamodeld */; };
		379AC596235E4FDD001EA87B /* CoreDataStack.swift in Sources */ = {isa = PBXBuildFile; fileRef = 379AC595235E4FDD001EA87B /* CoreDataStack.swift */; };
		379AC598235E50D2001EA87B /* Song+Convenience.swift in Sources */ = {isa = PBXBuildFile; fileRef = 379AC597235E50D2001EA87B /* Song+Convenience.swift */; };
		379AC59A235E7EEF001EA87B /* Set+Convenience.swift in Sources */ = {isa = PBXBuildFile; fileRef = 379AC599235E7EEF001EA87B /* Set+Convenience.swift */; };
		37AAA127235EC95C00D62DBA /* Lyrics+Convenience.swift in Sources */ = {isa = PBXBuildFile; fileRef = 37AAA126235EC95C00D62DBA /* Lyrics+Convenience.swift */; };
		37AAA129235ECA7A00D62DBA /* SongFile.swift in Sources */ = {isa = PBXBuildFile; fileRef = 37AAA128235ECA7A00D62DBA /* SongFile.swift */; };
		37AAA12B235ECC0F00D62DBA /* SetController.swift in Sources */ = {isa = PBXBuildFile; fileRef = 37AAA12A235ECC0F00D62DBA /* SetController.swift */; };
		37AAA12D235EDC2B00D62DBA /* SongController.swift in Sources */ = {isa = PBXBuildFile; fileRef = 37AAA12C235EDC2B00D62DBA /* SongController.swift */; };
		37AAA12F235EE1B300D62DBA /* FileController.swift in Sources */ = {isa = PBXBuildFile; fileRef = 37AAA12E235EE1B300D62DBA /* FileController.swift */; };
		B5560929235E51A300F7D987 /* Track.swift in Sources */ = {isa = PBXBuildFile; fileRef = B5560928235E51A200F7D987 /* Track.swift */; };
		B5560934235E530600F7D987 /* MusiXmatchApiKey.swift in Sources */ = {isa = PBXBuildFile; fileRef = B5560933235E530500F7D987 /* MusiXmatchApiKey.swift */; };
		B556095B235E5CD800F7D987 /* SongLyrics.swift in Sources */ = {isa = PBXBuildFile; fileRef = B556095A235E5CD700F7D987 /* SongLyrics.swift */; };
		B556095D235E5DA100F7D987 /* MusiXmatchClient.swift in Sources */ = {isa = PBXBuildFile; fileRef = B556095C235E5DA100F7D987 /* MusiXmatchClient.swift */; };
		B5560961235E799600F7D987 /* SearchDetailVC.swift in Sources */ = {isa = PBXBuildFile; fileRef = B5560960235E799600F7D987 /* SearchDetailVC.swift */; };
		B5560963235E7A7600F7D987 /* SearchMasterVC.swift in Sources */ = {isa = PBXBuildFile; fileRef = B5560962235E7A7600F7D987 /* SearchMasterVC.swift */; };
		B5560965235F713300F7D987 /* SetList.storyboard in Resources */ = {isa = PBXBuildFile; fileRef = B5560964235F713300F7D987 /* SetList.storyboard */; };
		B5560967235F714400F7D987 /* Song.storyboard in Resources */ = {isa = PBXBuildFile; fileRef = B5560966235F714400F7D987 /* Song.storyboard */; };
		B5560969235F715700F7D987 /* Search.storyboard in Resources */ = {isa = PBXBuildFile; fileRef = B5560968235F715700F7D987 /* Search.storyboard */; };
		B556096B235F718100F7D987 /* Perform.storyboard in Resources */ = {isa = PBXBuildFile; fileRef = B556096A235F718100F7D987 /* Perform.storyboard */; };
		B5B2FFAC235F9B2D0014433F /* ResultsNest.swift in Sources */ = {isa = PBXBuildFile; fileRef = B5B2FFAB235F9B2D0014433F /* ResultsNest.swift */; };
/* End PBXBuildFile section */

/* Begin PBXFileReference section */
		375539FC235E36290035671F /* SetMate.app */ = {isa = PBXFileReference; explicitFileType = wrapper.application; includeInIndex = 0; path = SetMate.app; sourceTree = BUILT_PRODUCTS_DIR; };
		375539FF235E36290035671F /* AppDelegate.swift */ = {isa = PBXFileReference; lastKnownFileType = sourcecode.swift; path = AppDelegate.swift; sourceTree = "<group>"; };
		37553A01235E36290035671F /* SceneDelegate.swift */ = {isa = PBXFileReference; lastKnownFileType = sourcecode.swift; path = SceneDelegate.swift; sourceTree = "<group>"; };
		37553A06235E36290035671F /* Base */ = {isa = PBXFileReference; lastKnownFileType = file.storyboard; name = Base; path = Base.lproj/Main.storyboard; sourceTree = "<group>"; };
		37553A08235E362B0035671F /* Assets.xcassets */ = {isa = PBXFileReference; lastKnownFileType = folder.assetcatalog; path = Assets.xcassets; sourceTree = "<group>"; };
		37553A0B235E362B0035671F /* Base */ = {isa = PBXFileReference; lastKnownFileType = file.storyboard; name = Base; path = Base.lproj/LaunchScreen.storyboard; sourceTree = "<group>"; };
		37553A0D235E362B0035671F /* Info.plist */ = {isa = PBXFileReference; lastKnownFileType = text.plist.xml; path = Info.plist; sourceTree = "<group>"; };
		379AC593235E4CDC001EA87B /* SetMate.xcdatamodel */ = {isa = PBXFileReference; lastKnownFileType = wrapper.xcdatamodel; path = SetMate.xcdatamodel; sourceTree = "<group>"; };
		379AC595235E4FDD001EA87B /* CoreDataStack.swift */ = {isa = PBXFileReference; lastKnownFileType = sourcecode.swift; path = CoreDataStack.swift; sourceTree = "<group>"; };
		379AC597235E50D2001EA87B /* Song+Convenience.swift */ = {isa = PBXFileReference; lastKnownFileType = sourcecode.swift; path = "Song+Convenience.swift"; sourceTree = "<group>"; };
		379AC599235E7EEF001EA87B /* Set+Convenience.swift */ = {isa = PBXFileReference; lastKnownFileType = sourcecode.swift; path = "Set+Convenience.swift"; sourceTree = "<group>"; };
		37AAA126235EC95C00D62DBA /* Lyrics+Convenience.swift */ = {isa = PBXFileReference; lastKnownFileType = sourcecode.swift; path = "Lyrics+Convenience.swift"; sourceTree = "<group>"; };
		37AAA128235ECA7A00D62DBA /* SongFile.swift */ = {isa = PBXFileReference; lastKnownFileType = sourcecode.swift; path = SongFile.swift; sourceTree = "<group>"; };
		37AAA12A235ECC0F00D62DBA /* SetController.swift */ = {isa = PBXFileReference; lastKnownFileType = sourcecode.swift; path = SetController.swift; sourceTree = "<group>"; };
		37AAA12C235EDC2B00D62DBA /* SongController.swift */ = {isa = PBXFileReference; lastKnownFileType = sourcecode.swift; path = SongController.swift; sourceTree = "<group>"; };
		37AAA12E235EE1B300D62DBA /* FileController.swift */ = {isa = PBXFileReference; lastKnownFileType = sourcecode.swift; path = FileController.swift; sourceTree = "<group>"; };
		B5560928235E51A200F7D987 /* Track.swift */ = {isa = PBXFileReference; fileEncoding = 4; lastKnownFileType = sourcecode.swift; path = Track.swift; sourceTree = "<group>"; };
		B5560933235E530500F7D987 /* MusiXmatchApiKey.swift */ = {isa = PBXFileReference; fileEncoding = 4; lastKnownFileType = sourcecode.swift; path = MusiXmatchApiKey.swift; sourceTree = "<group>"; };
		B556095A235E5CD700F7D987 /* SongLyrics.swift */ = {isa = PBXFileReference; lastKnownFileType = sourcecode.swift; path = SongLyrics.swift; sourceTree = "<group>"; };
		B556095C235E5DA100F7D987 /* MusiXmatchClient.swift */ = {isa = PBXFileReference; lastKnownFileType = sourcecode.swift; path = MusiXmatchClient.swift; sourceTree = "<group>"; };
		B5560960235E799600F7D987 /* SearchDetailVC.swift */ = {isa = PBXFileReference; lastKnownFileType = sourcecode.swift; path = SearchDetailVC.swift; sourceTree = "<group>"; };
		B5560962235E7A7600F7D987 /* SearchMasterVC.swift */ = {isa = PBXFileReference; lastKnownFileType = sourcecode.swift; path = SearchMasterVC.swift; sourceTree = "<group>"; };
		B5560964235F713300F7D987 /* SetList.storyboard */ = {isa = PBXFileReference; lastKnownFileType = file.storyboard; path = SetList.storyboard; sourceTree = "<group>"; };
		B5560966235F714400F7D987 /* Song.storyboard */ = {isa = PBXFileReference; lastKnownFileType = file.storyboard; path = Song.storyboard; sourceTree = "<group>"; };
		B5560968235F715700F7D987 /* Search.storyboard */ = {isa = PBXFileReference; lastKnownFileType = file.storyboard; path = Search.storyboard; sourceTree = "<group>"; };
		B556096A235F718100F7D987 /* Perform.storyboard */ = {isa = PBXFileReference; lastKnownFileType = file.storyboard; path = Perform.storyboard; sourceTree = "<group>"; };
		B5B2FFAB235F9B2D0014433F /* ResultsNest.swift */ = {isa = PBXFileReference; lastKnownFileType = sourcecode.swift; path = ResultsNest.swift; sourceTree = "<group>"; };
/* End PBXFileReference section */

/* Begin PBXFrameworksBuildPhase section */
		375539F9235E36290035671F /* Frameworks */ = {
			isa = PBXFrameworksBuildPhase;
			buildActionMask = 2147483647;
			files = (
			);
			runOnlyForDeploymentPostprocessing = 0;
		};
/* End PBXFrameworksBuildPhase section */

/* Begin PBXGroup section */
		375539F3235E36290035671F = {
			isa = PBXGroup;
			children = (
				375539FE235E36290035671F /* SetMate */,
				375539FD235E36290035671F /* Products */,
			);
			sourceTree = "<group>";
		};
		375539FD235E36290035671F /* Products */ = {
			isa = PBXGroup;
			children = (
				375539FC235E36290035671F /* SetMate.app */,
			);
			name = Products;
			sourceTree = "<group>";
		};
		375539FE235E36290035671F /* SetMate */ = {
			isa = PBXGroup;
			children = (
				37553A1A235E375C0035671F /* ViewControllers */,
				37553A19235E37410035671F /* Views */,
				37553A14235E36600035671F /* Storyboards */,
				37553A17235E37260035671F /* ModelControllers */,
				37553A16235E371C0035671F /* Models */,
				37553A18235E37320035671F /* Networking */,
				37553A15235E36920035671F /* Helpers */,
				37553A08235E362B0035671F /* Assets.xcassets */,
				37553A13235E36440035671F /* Resources */,
			);
			path = SetMate;
			sourceTree = "<group>";
		};
		37553A13235E36440035671F /* Resources */ = {
			isa = PBXGroup;
			children = (
				B5560933235E530500F7D987 /* MusiXmatchApiKey.swift */,
				375539FF235E36290035671F /* AppDelegate.swift */,
				37553A01235E36290035671F /* SceneDelegate.swift */,
				37553A0D235E362B0035671F /* Info.plist */,
			);
			path = Resources;
			sourceTree = "<group>";
		};
		37553A14235E36600035671F /* Storyboards */ = {
			isa = PBXGroup;
			children = (
				37553A05235E36290035671F /* Main.storyboard */,
				B5560964235F713300F7D987 /* SetList.storyboard */,
				B5560966235F714400F7D987 /* Song.storyboard */,
				B5560968235F715700F7D987 /* Search.storyboard */,
				B556096A235F718100F7D987 /* Perform.storyboard */,
				37553A0A235E362B0035671F /* LaunchScreen.storyboard */,
			);
			path = Storyboards;
			sourceTree = "<group>";
		};
		37553A15235E36920035671F /* Helpers */ = {
			isa = PBXGroup;
			children = (
			);
			path = Helpers;
			sourceTree = "<group>";
		};
		37553A16235E371C0035671F /* Models */ = {
			isa = PBXGroup;
			children = (
				B5B2FFAD235F9E960014433F /* Network */,
				379AC592235E4CDC001EA87B /* SetMate.xcdatamodeld */,
				379AC595235E4FDD001EA87B /* CoreDataStack.swift */,
				379AC597235E50D2001EA87B /* Song+Convenience.swift */,
				379AC599235E7EEF001EA87B /* Set+Convenience.swift */,
				37AAA126235EC95C00D62DBA /* Lyrics+Convenience.swift */,
				37AAA128235ECA7A00D62DBA /* SongFile.swift */,
			);
			path = Models;
			sourceTree = "<group>";
		};
		37553A17235E37260035671F /* ModelControllers */ = {
			isa = PBXGroup;
			children = (
				37AAA12A235ECC0F00D62DBA /* SetController.swift */,
				37AAA12C235EDC2B00D62DBA /* SongController.swift */,
				37AAA12E235EE1B300D62DBA /* FileController.swift */,
			);
			path = ModelControllers;
			sourceTree = "<group>";
		};
		37553A18235E37320035671F /* Networking */ = {
			isa = PBXGroup;
			children = (
				B556095C235E5DA100F7D987 /* MusiXmatchClient.swift */,
			);
			path = Networking;
			sourceTree = "<group>";
		};
		37553A19235E37410035671F /* Views */ = {
			isa = PBXGroup;
			children = (
			);
			path = Views;
			sourceTree = "<group>";
		};
		37553A1A235E375C0035671F /* ViewControllers */ = {
			isa = PBXGroup;
			children = (
				B5560962235E7A7600F7D987 /* SearchMasterVC.swift */,
				B5560960235E799600F7D987 /* SearchDetailVC.swift */,
			);
			path = ViewControllers;
			sourceTree = "<group>";
		};
		B5B2FFAD235F9E960014433F /* Network */ = {
			isa = PBXGroup;
			children = (
				B5560928235E51A200F7D987 /* Track.swift */,
				B556095A235E5CD700F7D987 /* SongLyrics.swift */,
				B5B2FFAB235F9B2D0014433F /* ResultsNest.swift */,
			);
			path = Network;
			sourceTree = "<group>";
		};
/* End PBXGroup section */

/* Begin PBXNativeTarget section */
		375539FB235E36290035671F /* SetMate */ = {
			isa = PBXNativeTarget;
			buildConfigurationList = 37553A10235E362B0035671F /* Build configuration list for PBXNativeTarget "SetMate" */;
			buildPhases = (
				375539F8235E36290035671F /* Sources */,
				375539F9235E36290035671F /* Frameworks */,
				375539FA235E36290035671F /* Resources */,
			);
			buildRules = (
			);
			dependencies = (
			);
			name = SetMate;
			productName = "Go-Lyrics";
			productReference = 375539FC235E36290035671F /* SetMate.app */;
			productType = "com.apple.product-type.application";
		};
/* End PBXNativeTarget section */

/* Begin PBXProject section */
		375539F4235E36290035671F /* Project object */ = {
			isa = PBXProject;
			attributes = {
				LastSwiftUpdateCheck = 1110;
				LastUpgradeCheck = 1110;
				ORGANIZATIONNAME = "Marlon Raskin";
				TargetAttributes = {
					375539FB235E36290035671F = {
						CreatedOnToolsVersion = 11.1;
					};
				};
			};
			buildConfigurationList = 375539F7235E36290035671F /* Build configuration list for PBXProject "SetMate" */;
			compatibilityVersion = "Xcode 9.3";
			developmentRegion = en;
			hasScannedForEncodings = 0;
			knownRegions = (
				en,
				Base,
			);
			mainGroup = 375539F3235E36290035671F;
			productRefGroup = 375539FD235E36290035671F /* Products */;
			projectDirPath = "";
			projectRoot = "";
			targets = (
				375539FB235E36290035671F /* SetMate */,
			);
		};
/* End PBXProject section */

/* Begin PBXResourcesBuildPhase section */
		375539FA235E36290035671F /* Resources */ = {
			isa = PBXResourcesBuildPhase;
			buildActionMask = 2147483647;
			files = (
				37553A0C235E362B0035671F /* LaunchScreen.storyboard in Resources */,
				B5560965235F713300F7D987 /* SetList.storyboard in Resources */,
				37553A09235E362B0035671F /* Assets.xcassets in Resources */,
				B5560967235F714400F7D987 /* Song.storyboard in Resources */,
				B5560969235F715700F7D987 /* Search.storyboard in Resources */,
				B556096B235F718100F7D987 /* Perform.storyboard in Resources */,
				37553A07235E36290035671F /* Main.storyboard in Resources */,
			);
			runOnlyForDeploymentPostprocessing = 0;
		};
/* End PBXResourcesBuildPhase section */

/* Begin PBXSourcesBuildPhase section */
		375539F8235E36290035671F /* Sources */ = {
			isa = PBXSourcesBuildPhase;
			buildActionMask = 2147483647;
			files = (
				37AAA12D235EDC2B00D62DBA /* SongController.swift in Sources */,
				37AAA129235ECA7A00D62DBA /* SongFile.swift in Sources */,
				37AAA12F235EE1B300D62DBA /* FileController.swift in Sources */,
				37553A00235E36290035671F /* AppDelegate.swift in Sources */,
				B556095D235E5DA100F7D987 /* MusiXmatchClient.swift in Sources */,
				B5560963235E7A7600F7D987 /* SearchMasterVC.swift in Sources */,
				B556095B235E5CD800F7D987 /* SongLyrics.swift in Sources */,
				379AC598235E50D2001EA87B /* Song+Convenience.swift in Sources */,
				37AAA127235EC95C00D62DBA /* Lyrics+Convenience.swift in Sources */,
				37553A02235E36290035671F /* SceneDelegate.swift in Sources */,
				B5560961235E799600F7D987 /* SearchDetailVC.swift in Sources */,
				B5560929235E51A300F7D987 /* Track.swift in Sources */,
				B5560934235E530600F7D987 /* MusiXmatchApiKey.swift in Sources */,
				379AC594235E4CDC001EA87B /* SetMate.xcdatamodeld in Sources */,
				37AAA12B235ECC0F00D62DBA /* SetController.swift in Sources */,
				379AC59A235E7EEF001EA87B /* Set+Convenience.swift in Sources */,
				B5B2FFAC235F9B2D0014433F /* ResultsNest.swift in Sources */,
				379AC596235E4FDD001EA87B /* CoreDataStack.swift in Sources */,
			);
			runOnlyForDeploymentPostprocessing = 0;
		};
/* End PBXSourcesBuildPhase section */

/* Begin PBXVariantGroup section */
		37553A05235E36290035671F /* Main.storyboard */ = {
			isa = PBXVariantGroup;
			children = (
				37553A06235E36290035671F /* Base */,
			);
			name = Main.storyboard;
			sourceTree = "<group>";
		};
		37553A0A235E362B0035671F /* LaunchScreen.storyboard */ = {
			isa = PBXVariantGroup;
			children = (
				37553A0B235E362B0035671F /* Base */,
			);
			name = LaunchScreen.storyboard;
			sourceTree = "<group>";
		};
/* End PBXVariantGroup section */

/* Begin XCBuildConfiguration section */
		37553A0E235E362B0035671F /* Debug */ = {
			isa = XCBuildConfiguration;
			buildSettings = {
				ALWAYS_SEARCH_USER_PATHS = NO;
				CLANG_ANALYZER_NONNULL = YES;
				CLANG_ANALYZER_NUMBER_OBJECT_CONVERSION = YES_AGGRESSIVE;
				CLANG_CXX_LANGUAGE_STANDARD = "gnu++14";
				CLANG_CXX_LIBRARY = "libc++";
				CLANG_ENABLE_MODULES = YES;
				CLANG_ENABLE_OBJC_ARC = YES;
				CLANG_ENABLE_OBJC_WEAK = YES;
				CLANG_WARN_BLOCK_CAPTURE_AUTORELEASING = YES;
				CLANG_WARN_BOOL_CONVERSION = YES;
				CLANG_WARN_COMMA = YES;
				CLANG_WARN_CONSTANT_CONVERSION = YES;
				CLANG_WARN_DEPRECATED_OBJC_IMPLEMENTATIONS = YES;
				CLANG_WARN_DIRECT_OBJC_ISA_USAGE = YES_ERROR;
				CLANG_WARN_DOCUMENTATION_COMMENTS = YES;
				CLANG_WARN_EMPTY_BODY = YES;
				CLANG_WARN_ENUM_CONVERSION = YES;
				CLANG_WARN_INFINITE_RECURSION = YES;
				CLANG_WARN_INT_CONVERSION = YES;
				CLANG_WARN_NON_LITERAL_NULL_CONVERSION = YES;
				CLANG_WARN_OBJC_IMPLICIT_RETAIN_SELF = YES;
				CLANG_WARN_OBJC_LITERAL_CONVERSION = YES;
				CLANG_WARN_OBJC_ROOT_CLASS = YES_ERROR;
				CLANG_WARN_RANGE_LOOP_ANALYSIS = YES;
				CLANG_WARN_STRICT_PROTOTYPES = YES;
				CLANG_WARN_SUSPICIOUS_MOVE = YES;
				CLANG_WARN_UNGUARDED_AVAILABILITY = YES_AGGRESSIVE;
				CLANG_WARN_UNREACHABLE_CODE = YES;
				CLANG_WARN__DUPLICATE_METHOD_MATCH = YES;
				COPY_PHASE_STRIP = NO;
				DEBUG_INFORMATION_FORMAT = dwarf;
				ENABLE_STRICT_OBJC_MSGSEND = YES;
				ENABLE_TESTABILITY = YES;
				GCC_C_LANGUAGE_STANDARD = gnu11;
				GCC_DYNAMIC_NO_PIC = NO;
				GCC_NO_COMMON_BLOCKS = YES;
				GCC_OPTIMIZATION_LEVEL = 0;
				GCC_PREPROCESSOR_DEFINITIONS = (
					"DEBUG=1",
					"$(inherited)",
				);
				GCC_WARN_64_TO_32_BIT_CONVERSION = YES;
				GCC_WARN_ABOUT_RETURN_TYPE = YES_ERROR;
				GCC_WARN_UNDECLARED_SELECTOR = YES;
				GCC_WARN_UNINITIALIZED_AUTOS = YES_AGGRESSIVE;
				GCC_WARN_UNUSED_FUNCTION = YES;
				GCC_WARN_UNUSED_VARIABLE = YES;
				IPHONEOS_DEPLOYMENT_TARGET = 13.1;
				MTL_ENABLE_DEBUG_INFO = INCLUDE_SOURCE;
				MTL_FAST_MATH = YES;
				ONLY_ACTIVE_ARCH = YES;
				SDKROOT = iphoneos;
				SWIFT_ACTIVE_COMPILATION_CONDITIONS = DEBUG;
				SWIFT_OPTIMIZATION_LEVEL = "-Onone";
			};
			name = Debug;
		};
		37553A0F235E362B0035671F /* Release */ = {
			isa = XCBuildConfiguration;
			buildSettings = {
				ALWAYS_SEARCH_USER_PATHS = NO;
				CLANG_ANALYZER_NONNULL = YES;
				CLANG_ANALYZER_NUMBER_OBJECT_CONVERSION = YES_AGGRESSIVE;
				CLANG_CXX_LANGUAGE_STANDARD = "gnu++14";
				CLANG_CXX_LIBRARY = "libc++";
				CLANG_ENABLE_MODULES = YES;
				CLANG_ENABLE_OBJC_ARC = YES;
				CLANG_ENABLE_OBJC_WEAK = YES;
				CLANG_WARN_BLOCK_CAPTURE_AUTORELEASING = YES;
				CLANG_WARN_BOOL_CONVERSION = YES;
				CLANG_WARN_COMMA = YES;
				CLANG_WARN_CONSTANT_CONVERSION = YES;
				CLANG_WARN_DEPRECATED_OBJC_IMPLEMENTATIONS = YES;
				CLANG_WARN_DIRECT_OBJC_ISA_USAGE = YES_ERROR;
				CLANG_WARN_DOCUMENTATION_COMMENTS = YES;
				CLANG_WARN_EMPTY_BODY = YES;
				CLANG_WARN_ENUM_CONVERSION = YES;
				CLANG_WARN_INFINITE_RECURSION = YES;
				CLANG_WARN_INT_CONVERSION = YES;
				CLANG_WARN_NON_LITERAL_NULL_CONVERSION = YES;
				CLANG_WARN_OBJC_IMPLICIT_RETAIN_SELF = YES;
				CLANG_WARN_OBJC_LITERAL_CONVERSION = YES;
				CLANG_WARN_OBJC_ROOT_CLASS = YES_ERROR;
				CLANG_WARN_RANGE_LOOP_ANALYSIS = YES;
				CLANG_WARN_STRICT_PROTOTYPES = YES;
				CLANG_WARN_SUSPICIOUS_MOVE = YES;
				CLANG_WARN_UNGUARDED_AVAILABILITY = YES_AGGRESSIVE;
				CLANG_WARN_UNREACHABLE_CODE = YES;
				CLANG_WARN__DUPLICATE_METHOD_MATCH = YES;
				COPY_PHASE_STRIP = NO;
				DEBUG_INFORMATION_FORMAT = "dwarf-with-dsym";
				ENABLE_NS_ASSERTIONS = NO;
				ENABLE_STRICT_OBJC_MSGSEND = YES;
				GCC_C_LANGUAGE_STANDARD = gnu11;
				GCC_NO_COMMON_BLOCKS = YES;
				GCC_WARN_64_TO_32_BIT_CONVERSION = YES;
				GCC_WARN_ABOUT_RETURN_TYPE = YES_ERROR;
				GCC_WARN_UNDECLARED_SELECTOR = YES;
				GCC_WARN_UNINITIALIZED_AUTOS = YES_AGGRESSIVE;
				GCC_WARN_UNUSED_FUNCTION = YES;
				GCC_WARN_UNUSED_VARIABLE = YES;
				IPHONEOS_DEPLOYMENT_TARGET = 13.1;
				MTL_ENABLE_DEBUG_INFO = NO;
				MTL_FAST_MATH = YES;
				SDKROOT = iphoneos;
				SWIFT_COMPILATION_MODE = wholemodule;
				SWIFT_OPTIMIZATION_LEVEL = "-O";
				VALIDATE_PRODUCT = YES;
			};
			name = Release;
		};
		37553A11235E362B0035671F /* Debug */ = {
			isa = XCBuildConfiguration;
			buildSettings = {
				ASSETCATALOG_COMPILER_APPICON_NAME = AppIcon;
				CODE_SIGN_STYLE = Automatic;
				DEVELOPMENT_TEAM = D6VB3396MT;
				INFOPLIST_FILE = "$(SRCROOT)/SetMate/Resources/Info.plist";
				LD_RUNPATH_SEARCH_PATHS = (
					"$(inherited)",
					"@executable_path/Frameworks",
				);
				PRODUCT_BUNDLE_IDENTIFIER = "com.marlonraskin.Go-Lyrics";
				PRODUCT_NAME = SetMate;
				SWIFT_VERSION = 5.0;
				TARGETED_DEVICE_FAMILY = 2;
			};
			name = Debug;
		};
		37553A12235E362B0035671F /* Release */ = {
			isa = XCBuildConfiguration;
			buildSettings = {
				ASSETCATALOG_COMPILER_APPICON_NAME = AppIcon;
				CODE_SIGN_STYLE = Automatic;
				DEVELOPMENT_TEAM = D6VB3396MT;
				INFOPLIST_FILE = "$(SRCROOT)/SetMate/Resources/Info.plist";
				LD_RUNPATH_SEARCH_PATHS = (
					"$(inherited)",
					"@executable_path/Frameworks",
				);
				PRODUCT_BUNDLE_IDENTIFIER = "com.marlonraskin.Go-Lyrics";
				PRODUCT_NAME = SetMate;
				SWIFT_VERSION = 5.0;
				TARGETED_DEVICE_FAMILY = 2;
			};
			name = Release;
		};
/* End XCBuildConfiguration section */

/* Begin XCConfigurationList section */
		375539F7235E36290035671F /* Build configuration list for PBXProject "SetMate" */ = {
			isa = XCConfigurationList;
			buildConfigurations = (
				37553A0E235E362B0035671F /* Debug */,
				37553A0F235E362B0035671F /* Release */,
			);
			defaultConfigurationIsVisible = 0;
			defaultConfigurationName = Release;
		};
		37553A10235E362B0035671F /* Build configuration list for PBXNativeTarget "SetMate" */ = {
			isa = XCConfigurationList;
			buildConfigurations = (
				37553A11235E362B0035671F /* Debug */,
				37553A12235E362B0035671F /* Release */,
			);
			defaultConfigurationIsVisible = 0;
			defaultConfigurationName = Release;
		};
/* End XCConfigurationList section */

/* Begin XCVersionGroup section */
		379AC592235E4CDC001EA87B /* SetMate.xcdatamodeld */ = {
			isa = XCVersionGroup;
			children = (
				379AC593235E4CDC001EA87B /* SetMate.xcdatamodel */,
			);
			currentVersion = 379AC593235E4CDC001EA87B /* SetMate.xcdatamodel */;
			path = SetMate.xcdatamodeld;
			sourceTree = "<group>";
			versionGroupType = wrapper.xcdatamodel;
		};
/* End XCVersionGroup section */
	};
	rootObject = 375539F4235E36290035671F /* Project object */;
}
